
Microsoft Visual Studio Solution File, Format Version 12.00
# Visual Studio Version 16
VisualStudioVersion = 16.0.29926.136
MinimumVisualStudioVersion = 10.0.40219.1
Project("{FAE04EC0-301F-11D3-BF4B-00C04F79EFBC}") = "MoroccoApp.UWP", "MoroccoApp\MoroccoApp.UWP\MoroccoApp.UWP.csproj", "{185C89CC-F314-48FF-864E-DCAF56439D12}"
EndProject
Project("{FAE04EC0-301F-11D3-BF4B-00C04F79EFBC}") = "MoroccoApp.Android", "MoroccoApp\MoroccoApp.Android\MoroccoApp.Android.csproj", "{B62A450C-F1FB-4F59-8BF4-4EAAA3C5D069}"
EndProject
Project("{FAE04EC0-301F-11D3-BF4B-00C04F79EFBC}") = "MoroccoApp.iOS", "MoroccoApp\MoroccoApp.iOS\MoroccoApp.iOS.csproj", "{57D77B5C-E0E6-47FC-A790-A6092F0D344A}"
EndProject
Project("{FAE04EC0-301F-11D3-BF4B-00C04F79EFBC}") = "MoroccoApp", "MoroccoApp\MoroccoApp\MoroccoApp.csproj", "{EA1EFBD4-45B8-4B73-8B7C-B10C2362E6CA}"
EndProject
Global
	GlobalSection(SolutionConfigurationPlatforms) = preSolution
		Debug|Any CPU = Debug|Any CPU
		Debug|ARM = Debug|ARM
		Debug|iPhone = Debug|iPhone
		Debug|iPhoneSimulator = Debug|iPhoneSimulator
		Debug|x64 = Debug|x64
		Debug|x86 = Debug|x86
		Release|Any CPU = Release|Any CPU
		Release|ARM = Release|ARM
		Release|iPhone = Release|iPhone
		Release|iPhoneSimulator = Release|iPhoneSimulator
		Release|x64 = Release|x64
		Release|x86 = Release|x86
	EndGlobalSection
	GlobalSection(ProjectConfigurationPlatforms) = postSolution
		{185C89CC-F314-48FF-864E-DCAF56439D12}.Debug|Any CPU.ActiveCfg = Debug|x86
		{185C89CC-F314-48FF-864E-DCAF56439D12}.Debug|Any CPU.Build.0 = Debug|x86
		{185C89CC-F314-48FF-864E-DCAF56439D12}.Debug|Any CPU.Deploy.0 = Debug|x86
		{185C89CC-F314-48FF-864E-DCAF56439D12}.Debug|ARM.ActiveCfg = Debug|ARM
		{185C89CC-F314-48FF-864E-DCAF56439D12}.Debug|ARM.Build.0 = Debug|ARM
		{185C89CC-F314-48FF-864E-DCAF56439D12}.Debug|ARM.Deploy.0 = Debug|ARM
		{185C89CC-F314-48FF-864E-DCAF56439D12}.Debug|iPhone.ActiveCfg = Debug|x86
		{185C89CC-F314-48FF-864E-DCAF56439D12}.Debug|iPhone.Build.0 = Debug|x86
		{185C89CC-F314-48FF-864E-DCAF56439D12}.Debug|iPhone.Deploy.0 = Debug|x86
		{185C89CC-F314-48FF-864E-DCAF56439D12}.Debug|iPhoneSimulator.ActiveCfg = Debug|x86
		{185C89CC-F314-48FF-864E-DCAF56439D12}.Debug|iPhoneSimulator.Build.0 = Debug|x86
		{185C89CC-F314-48FF-864E-DCAF56439D12}.Debug|iPhoneSimulator.Deploy.0 = Debug|x86
		{185C89CC-F314-48FF-864E-DCAF56439D12}.Debug|x64.ActiveCfg = Debug|x64
		{185C89CC-F314-48FF-864E-DCAF56439D12}.Debug|x64.Build.0 = Debug|x64
		{185C89CC-F314-48FF-864E-DCAF56439D12}.Debug|x64.Deploy.0 = Debug|x64
		{185C89CC-F314-48FF-864E-DCAF56439D12}.Debug|x86.ActiveCfg = Debug|x86
		{185C89CC-F314-48FF-864E-DCAF56439D12}.Debug|x86.Build.0 = Debug|x86
		{185C89CC-F314-48FF-864E-DCAF56439D12}.Debug|x86.Deploy.0 = Debug|x86
		{185C89CC-F314-48FF-864E-DCAF56439D12}.Release|Any CPU.ActiveCfg = Release|x86
		{185C89CC-F314-48FF-864E-DCAF56439D12}.Release|Any CPU.Build.0 = Release|x86
		{185C89CC-F314-48FF-864E-DCAF56439D12}.Release|Any CPU.Deploy.0 = Release|x86
		{185C89CC-F314-48FF-864E-DCAF56439D12}.Release|ARM.ActiveCfg = Release|ARM
		{185C89CC-F314-48FF-864E-DCAF56439D12}.Release|ARM.Build.0 = Release|ARM
		{185C89CC-F314-48FF-864E-DCAF56439D12}.Release|ARM.Deploy.0 = Release|ARM
		{185C89CC-F314-48FF-864E-DCAF56439D12}.Release|iPhone.ActiveCfg = Release|x86
		{185C89CC-F314-48FF-864E-DCAF56439D12}.Release|iPhone.Build.0 = Release|x86
		{185C89CC-F314-48FF-864E-DCAF56439D12}.Release|iPhone.Deploy.0 = Release|x86
		{185C89CC-F314-48FF-864E-DCAF56439D12}.Release|iPhoneSimulator.ActiveCfg = Release|x86
		{185C89CC-F314-48FF-864E-DCAF56439D12}.Release|iPhoneSimulator.Build.0 = Release|x86
		{185C89CC-F314-48FF-864E-DCAF56439D12}.Release|iPhoneSimulator.Deploy.0 = Release|x86
		{185C89CC-F314-48FF-864E-DCAF56439D12}.Release|x64.ActiveCfg = Release|x64
		{185C89CC-F314-48FF-864E-DCAF56439D12}.Release|x64.Build.0 = Release|x64
		{185C89CC-F314-48FF-864E-DCAF56439D12}.Release|x64.Deploy.0 = Release|x64
		{185C89CC-F314-48FF-864E-DCAF56439D12}.Release|x86.ActiveCfg = Release|x86
		{185C89CC-F314-48FF-864E-DCAF56439D12}.Release|x86.Build.0 = Release|x86
		{185C89CC-F314-48FF-864E-DCAF56439D12}.Release|x86.Deploy.0 = Release|x86
		{B62A450C-F1FB-4F59-8BF4-4EAAA3C5D069}.Debug|Any CPU.ActiveCfg = Debug|Any CPU
		{B62A450C-F1FB-4F59-8BF4-4EAAA3C5D069}.Debug|Any CPU.Build.0 = Debug|Any CPU
		{B62A450C-F1FB-4F59-8BF4-4EAAA3C5D069}.Debug|Any CPU.Deploy.0 = Debug|Any CPU
		{B62A450C-F1FB-4F59-8BF4-4EAAA3C5D069}.Debug|ARM.ActiveCfg = Debug|Any CPU
		{B62A450C-F1FB-4F59-8BF4-4EAAA3C5D069}.Debug|ARM.Build.0 = Debug|Any CPU
		{B62A450C-F1FB-4F59-8BF4-4EAAA3C5D069}.Debug|ARM.Deploy.0 = Debug|Any CPU
		{B62A450C-F1FB-4F59-8BF4-4EAAA3C5D069}.Debug|iPhone.ActiveCfg = Debug|Any CPU
		{B62A450C-F1FB-4F59-8BF4-4EAAA3C5D069}.Debug|iPhone.Build.0 = Debug|Any CPU
		{B62A450C-F1FB-4F59-8BF4-4EAAA3C5D069}.Debug|iPhone.Deploy.0 = Debug|Any CPU
		{B62A450C-F1FB-4F59-8BF4-4EAAA3C5D069}.Debug|iPhoneSimulator.ActiveCfg = Debug|Any CPU
		{B62A450C-F1FB-4F59-8BF4-4EAAA3C5D069}.Debug|iPhoneSimulator.Build.0 = Debug|Any CPU
		{B62A450C-F1FB-4F59-8BF4-4EAAA3C5D069}.Debug|iPhoneSimulator.Deploy.0 = Debug|Any CPU
		{B62A450C-F1FB-4F59-8BF4-4EAAA3C5D069}.Debug|x64.ActiveCfg = Debug|Any CPU
		{B62A450C-F1FB-4F59-8BF4-4EAAA3C5D069}.Debug|x64.Build.0 = Debug|Any CPU
		{B62A450C-F1FB-4F59-8BF4-4EAAA3C5D069}.Debug|x64.Deploy.0 = Debug|Any CPU
		{B62A450C-F1FB-4F59-8BF4-4EAAA3C5D069}.Debug|x86.ActiveCfg = Debug|Any CPU
		{B62A450C-F1FB-4F59-8BF4-4EAAA3C5D069}.Debug|x86.Build.0 = Debug|Any CPU
		{B62A450C-F1FB-4F59-8BF4-4EAAA3C5D069}.Debug|x86.Deploy.0 = Debug|Any CPU
		{B62A450C-F1FB-4F59-8BF4-4EAAA3C5D069}.Release|Any CPU.ActiveCfg = Release|Any CPU
		{B62A450C-F1FB-4F59-8BF4-4EAAA3C5D069}.Release|Any CPU.Build.0 = Release|Any CPU
		{B62A450C-F1FB-4F59-8BF4-4EAAA3C5D069}.Release|Any CPU.Deploy.0 = Release|Any CPU
		{B62A450C-F1FB-4F59-8BF4-4EAAA3C5D069}.Release|ARM.ActiveCfg = Release|Any CPU
		{B62A450C-F1FB-4F59-8BF4-4EAAA3C5D069}.Release|ARM.Build.0 = Release|Any CPU
		{B62A450C-F1FB-4F59-8BF4-4EAAA3C5D069}.Release|ARM.Deploy.0 = Release|Any CPU
		{B62A450C-F1FB-4F59-8BF4-4EAAA3C5D069}.Release|iPhone.ActiveCfg = Release|Any CPU
		{B62A450C-F1FB-4F59-8BF4-4EAAA3C5D069}.Release|iPhone.Build.0 = Release|Any CPU
		{B62A450C-F1FB-4F59-8BF4-4EAAA3C5D069}.Release|iPhone.Deploy.0 = Release|Any CPU
		{B62A450C-F1FB-4F59-8BF4-4EAAA3C5D069}.Release|iPhoneSimulator.ActiveCfg = Release|Any CPU
		{B62A450C-F1FB-4F59-8BF4-4EAAA3C5D069}.Release|iPhoneSimulator.Build.0 = Release|Any CPU
		{B62A450C-F1FB-4F59-8BF4-4EAAA3C5D069}.Release|iPhoneSimulator.Deploy.0 = Release|Any CPU
		{B62A450C-F1FB-4F59-8BF4-4EAAA3C5D069}.Release|x64.ActiveCfg = Release|Any CPU
		{B62A450C-F1FB-4F59-8BF4-4EAAA3C5D069}.Release|x64.Build.0 = Release|Any CPU
		{B62A450C-F1FB-4F59-8BF4-4EAAA3C5D069}.Release|x64.Deploy.0 = Release|Any CPU
		{B62A450C-F1FB-4F59-8BF4-4EAAA3C5D069}.Release|x86.ActiveCfg = Release|Any CPU
		{B62A450C-F1FB-4F59-8BF4-4EAAA3C5D069}.Release|x86.Build.0 = Release|Any CPU
		{B62A450C-F1FB-4F59-8BF4-4EAAA3C5D069}.Release|x86.Deploy.0 = Release|Any CPU
		{57D77B5C-E0E6-47FC-A790-A6092F0D344A}.Debug|Any CPU.ActiveCfg = Debug|iPhone
		{57D77B5C-E0E6-47FC-A790-A6092F0D344A}.Debug|Any CPU.Build.0 = Debug|iPhone
		{57D77B5C-E0E6-47FC-A790-A6092F0D344A}.Debug|Any CPU.Deploy.0 = Debug|iPhone
		{57D77B5C-E0E6-47FC-A790-A6092F0D344A}.Debug|ARM.ActiveCfg = Debug|iPhone
		{57D77B5C-E0E6-47FC-A790-A6092F0D344A}.Debug|ARM.Build.0 = Debug|iPhone
		{57D77B5C-E0E6-47FC-A790-A6092F0D344A}.Debug|ARM.Deploy.0 = Debug|iPhone
		{57D77B5C-E0E6-47FC-A790-A6092F0D344A}.Debug|iPhone.ActiveCfg = Debug|iPhone
		{57D77B5C-E0E6-47FC-A790-A6092F0D344A}.Debug|iPhone.Build.0 = Debug|iPhone
		{57D77B5C-E0E6-47FC-A790-A6092F0D344A}.Debug|iPhone.Deploy.0 = Debug|iPhone
		{57D77B5C-E0E6-47FC-A790-A6092F0D344A}.Debug|iPhoneSimulator.ActiveCfg = Debug|iPhoneSimulator
		{57D77B5C-E0E6-47FC-A790-A6092F0D344A}.Debug|iPhoneSimulator.Build.0 = Debug|iPhoneSimulator
		{57D77B5C-E0E6-47FC-A790-A6092F0D344A}.Debug|iPhoneSimulator.Deploy.0 = Debug|iPhoneSimulator
		{57D77B5C-E0E6-47FC-A790-A6092F0D344A}.Debug|x64.ActiveCfg = Debug|iPhone
		{57D77B5C-E0E6-47FC-A790-A6092F0D344A}.Debug|x64.Build.0 = Debug|iPhone
		{57D77B5C-E0E6-47FC-A790-A6092F0D344A}.Debug|x64.Deploy.0 = Debug|iPhone
		{57D77B5C-E0E6-47FC-A790-A6092F0D344A}.Debug|x86.ActiveCfg = Debug|iPhone
		{57D77B5C-E0E6-47FC-A790-A6092F0D344A}.Debug|x86.Build.0 = Debug|iPhone
		{57D77B5C-E0E6-47FC-A790-A6092F0D344A}.Debug|x86.Deploy.0 = Debug|iPhone
		{57D77B5C-E0E6-47FC-A790-A6092F0D344A}.Release|Any CPU.ActiveCfg = Release|iPhone
		{57D77B5C-E0E6-47FC-A790-A6092F0D344A}.Release|Any CPU.Build.0 = Release|iPhone
		{57D77B5C-E0E6-47FC-A790-A6092F0D344A}.Release|Any CPU.Deploy.0 = Release|iPhone
		{57D77B5C-E0E6-47FC-A790-A6092F0D344A}.Release|ARM.ActiveCfg = Release|iPhone
		{57D77B5C-E0E6-47FC-A790-A6092F0D344A}.Release|ARM.Build.0 = Release|iPhone
		{57D77B5C-E0E6-47FC-A790-A6092F0D344A}.Release|ARM.Deploy.0 = Release|iPhone
		{57D77B5C-E0E6-47FC-A790-A6092F0D344A}.Release|iPhone.ActiveCfg = Release|iPhone
		{57D77B5C-E0E6-47FC-A790-A6092F0D344A}.Release|iPhone.Build.0 = Release|iPhone
		{57D77B5C-E0E6-47FC-A790-A6092F0D344A}.Release|iPhone.Deploy.0 = Release|iPhone
		{57D77B5C-E0E6-47FC-A790-A6092F0D344A}.Release|iPhoneSimulator.ActiveCfg = Release|iPhoneSimulator
		{57D77B5C-E0E6-47FC-A790-A6092F0D344A}.Release|iPhoneSimulator.Build.0 = Release|iPhoneSimulator
		{57D77B5C-E0E6-47FC-A790-A6092F0D344A}.Release|iPhoneSimulator.Deploy.0 = Release|iPhoneSimulator
		{57D77B5C-E0E6-47FC-A790-A6092F0D344A}.Release|x64.ActiveCfg = Release|iPhone
		{57D77B5C-E0E6-47FC-A790-A6092F0D344A}.Release|x64.Build.0 = Release|iPhone
		{57D77B5C-E0E6-47FC-A790-A6092F0D344A}.Release|x64.Deploy.0 = Release|iPhone
		{57D77B5C-E0E6-47FC-A790-A6092F0D344A}.Release|x86.ActiveCfg = Release|iPhone
		{57D77B5C-E0E6-47FC-A790-A6092F0D344A}.Release|x86.Build.0 = Release|iPhone
		{57D77B5C-E0E6-47FC-A790-A6092F0D344A}.Release|x86.Deploy.0 = Release|iPhone
		{EA1EFBD4-45B8-4B73-8B7C-B10C2362E6CA}.Debug|Any CPU.ActiveCfg = Debug|Any CPU
		{EA1EFBD4-45B8-4B73-8B7C-B10C2362E6CA}.Debug|Any CPU.Build.0 = Debug|Any CPU
		{EA1EFBD4-45B8-4B73-8B7C-B10C2362E6CA}.Debug|Any CPU.Deploy.0 = Debug|Any CPU
		{EA1EFBD4-45B8-4B73-8B7C-B10C2362E6CA}.Debug|ARM.ActiveCfg = Debug|Any CPU
		{EA1EFBD4-45B8-4B73-8B7C-B10C2362E6CA}.Debug|ARM.Build.0 = Debug|Any CPU
		{EA1EFBD4-45B8-4B73-8B7C-B10C2362E6CA}.Debug|ARM.Deploy.0 = Debug|Any CPU
		{EA1EFBD4-45B8-4B73-8B7C-B10C2362E6CA}.Debug|iPhone.ActiveCfg = Debug|Any CPU
		{EA1EFBD4-45B8-4B73-8B7C-B10C2362E6CA}.Debug|iPhone.Build.0 = Debug|Any CPU
		{EA1EFBD4-45B8-4B73-8B7C-B10C2362E6CA}.Debug|iPhone.Deploy.0 = Debug|Any CPU
		{EA1EFBD4-45B8-4B73-8B7C-B10C2362E6CA}.Debug|iPhoneSimulator.ActiveCfg = Debug|Any CPU
		{EA1EFBD4-45B8-4B73-8B7C-B10C2362E6CA}.Debug|iPhoneSimulator.Build.0 = Debug|Any CPU
		{EA1EFBD4-45B8-4B73-8B7C-B10C2362E6CA}.Debug|iPhoneSimulator.Deploy.0 = Debug|Any CPU
		{EA1EFBD4-45B8-4B73-8B7C-B10C2362E6CA}.Debug|x64.ActiveCfg = Debug|Any CPU
		{EA1EFBD4-45B8-4B73-8B7C-B10C2362E6CA}.Debug|x64.Build.0 = Debug|Any CPU
		{EA1EFBD4-45B8-4B73-8B7C-B10C2362E6CA}.Debug|x64.Deploy.0 = Debug|Any CPU
		{EA1EFBD4-45B8-4B73-8B7C-B10C2362E6CA}.Debug|x86.ActiveCfg = Debug|Any CPU
		{EA1EFBD4-45B8-4B73-8B7C-B10C2362E6CA}.Debug|x86.Build.0 = Debug|Any CPU
		{EA1EFBD4-45B8-4B73-8B7C-B10C2362E6CA}.Debug|x86.Deploy.0 = Debug|Any CPU
		{EA1EFBD4-45B8-4B73-8B7C-B10C2362E6CA}.Release|Any CPU.ActiveCfg = Release|Any CPU
		{EA1EFBD4-45B8-4B73-8B7C-B10C2362E6CA}.Release|Any CPU.Build.0 = Release|Any CPU
		{EA1EFBD4-45B8-4B73-8B7C-B10C2362E6CA}.Release|Any CPU.Deploy.0 = Release|Any CPU
		{EA1EFBD4-45B8-4B73-8B7C-B10C2362E6CA}.Release|ARM.ActiveCfg = Release|Any CPU
		{EA1EFBD4-45B8-4B73-8B7C-B10C2362E6CA}.Release|ARM.Build.0 = Release|Any CPU
		{EA1EFBD4-45B8-4B73-8B7C-B10C2362E6CA}.Release|ARM.Deploy.0 = Release|Any CPU
		{EA1EFBD4-45B8-4B73-8B7C-B10C2362E6CA}.Release|iPhone.ActiveCfg = Release|Any CPU
		{EA1EFBD4-45B8-4B73-8B7C-B10C2362E6CA}.Release|iPhone.Build.0 = Release|Any CPU
		{EA1EFBD4-45B8-4B73-8B7C-B10C2362E6CA}.Release|iPhone.Deploy.0 = Release|Any CPU
		{EA1EFBD4-45B8-4B73-8B7C-B10C2362E6CA}.Release|iPhoneSimulator.ActiveCfg = Release|Any CPU
		{EA1EFBD4-45B8-4B73-8B7C-B10C2362E6CA}.Release|iPhoneSimulator.Build.0 = Release|Any CPU
		{EA1EFBD4-45B8-4B73-8B7C-B10C2362E6CA}.Release|iPhoneSimulator.Deploy.0 = Release|Any CPU
		{EA1EFBD4-45B8-4B73-8B7C-B10C2362E6CA}.Release|x64.ActiveCfg = Release|Any CPU
		{EA1EFBD4-45B8-4B73-8B7C-B10C2362E6CA}.Release|x64.Build.0 = Release|Any CPU
		{EA1EFBD4-45B8-4B73-8B7C-B10C2362E6CA}.Release|x64.Deploy.0 = Release|Any CPU
		{EA1EFBD4-45B8-4B73-8B7C-B10C2362E6CA}.Release|x86.ActiveCfg = Release|Any CPU
		{EA1EFBD4-45B8-4B73-8B7C-B10C2362E6CA}.Release|x86.Build.0 = Release|Any CPU
		{EA1EFBD4-45B8-4B73-8B7C-B10C2362E6CA}.Release|x86.Deploy.0 = Release|Any CPU
	EndGlobalSection
	GlobalSection(SolutionProperties) = preSolution
		HideSolutionNode = FALSE
	EndGlobalSection
	GlobalSection(ExtensibilityGlobals) = postSolution
		SolutionGuid = {03BC6A2F-A236-4533-B993-A88A4BAB70FA}
	EndGlobalSection
EndGlobal
